
Microsoft Visual Studio Solution File, Format Version 12.00
# Visual Studio Version 17
VisualStudioVersion = 17.7.34202.233
MinimumVisualStudioVersion = 10.0.40219.1
Project("{FAE04EC0-301F-11D3-BF4B-00C04F79EFBC}") = "SehatDoc", "SehatDoc\SehatDoc.csproj", "{5CC0B2F3-7650-4346-9A3C-1E66E4ABF7C2}"
EndProject
Global
	GlobalSection(SolutionConfigurationPlatforms) = preSolution
		Debug|Any CPU = Debug|Any CPU
		Release|Any CPU = Release|Any CPU
	EndGlobalSection
	GlobalSection(ProjectConfigurationPlatforms) = postSolution
		{5CC0B2F3-7650-4346-9A3C-1E66E4ABF7C2}.Debug|Any CPU.ActiveCfg = Debug|Any CPU
		{5CC0B2F3-7650-4346-9A3C-1E66E4ABF7C2}.Debug|Any CPU.Build.0 = Debug|Any CPU
		{5CC0B2F3-7650-4346-9A3C-1E66E4ABF7C2}.Release|Any CPU.ActiveCfg = Release|Any CPU
		{5CC0B2F3-7650-4346-9A3C-1E66E4ABF7C2}.Release|Any CPU.Build.0 = Release|Any CPU
	EndGlobalSection
	GlobalSection(SolutionProperties) = preSolution
		HideSolutionNode = FALSE
	EndGlobalSection
	GlobalSection(ExtensibilityGlobals) = postSolution
		SolutionGuid = {F7AB5FA6-A12D-4923-AA6F-87C1AAE58E09}
	EndGlobalSection
EndGlobal
